
Microsoft Visual Studio Solution File, Format Version 12.00
# Visual Studio 2013
VisualStudioVersion = 12.0.30723.0
MinimumVisualStudioVersion = 10.0.40219.1
Project("{FAE04EC0-301F-11D3-BF4B-00C04F79EFBC}") = "IISHost", "IISHost\IISHost.csproj", "{D9915BFB-6E48-42FE-A5C3-E701BDB6D705}"
EndProject
Project("{FAE04EC0-301F-11D3-BF4B-00C04F79EFBC}") = "SelfHost", "SelfHost\SelfHost.csproj", "{8DBEEBBF-D11C-41CD-9AE1-EDBB9B6E4963}"
EndProject
Project("{FAE04EC0-301F-11D3-BF4B-00C04F79EFBC}") = "Api", "Api\Api.csproj", "{C537C259-09D0-45FB-8272-8D3F80005E16}"
EndProject
Project("{FAE04EC0-301F-11D3-BF4B-00C04F79EFBC}") = "ApiTests", "ApiTests\ApiTests.csproj", "{FE1F0E7F-CC4B-438F-A216-7A8129B1E7FF}"
EndProject
Global
	GlobalSection(SolutionConfigurationPlatforms) = preSolution
		Debug|Any CPU = Debug|Any CPU
		Release|Any CPU = Release|Any CPU
	EndGlobalSection
	GlobalSection(ProjectConfigurationPlatforms) = postSolution
		{D9915BFB-6E48-42FE-A5C3-E701BDB6D705}.Debug|Any CPU.ActiveCfg = Debug|Any CPU
		{D9915BFB-6E48-42FE-A5C3-E701BDB6D705}.Debug|Any CPU.Build.0 = Debug|Any CPU
		{D9915BFB-6E48-42FE-A5C3-E701BDB6D705}.Release|Any CPU.ActiveCfg = Release|Any CPU
		{D9915BFB-6E48-42FE-A5C3-E701BDB6D705}.Release|Any CPU.Build.0 = Release|Any CPU
		{8DBEEBBF-D11C-41CD-9AE1-EDBB9B6E4963}.Debug|Any CPU.ActiveCfg = Debug|Any CPU
		{8DBEEBBF-D11C-41CD-9AE1-EDBB9B6E4963}.Debug|Any CPU.Build.0 = Debug|Any CPU
		{8DBEEBBF-D11C-41CD-9AE1-EDBB9B6E4963}.Release|Any CPU.ActiveCfg = Release|Any CPU
		{8DBEEBBF-D11C-41CD-9AE1-EDBB9B6E4963}.Release|Any CPU.Build.0 = Release|Any CPU
		{C537C259-09D0-45FB-8272-8D3F80005E16}.Debug|Any CPU.ActiveCfg = Debug|Any CPU
		{C537C259-09D0-45FB-8272-8D3F80005E16}.Debug|Any CPU.Build.0 = Debug|Any CPU
		{C537C259-09D0-45FB-8272-8D3F80005E16}.Release|Any CPU.ActiveCfg = Release|Any CPU
		{C537C259-09D0-45FB-8272-8D3F80005E16}.Release|Any CPU.Build.0 = Release|Any CPU
		{FE1F0E7F-CC4B-438F-A216-7A8129B1E7FF}.Debug|Any CPU.ActiveCfg = Debug|Any CPU
		{FE1F0E7F-CC4B-438F-A216-7A8129B1E7FF}.Debug|Any CPU.Build.0 = Debug|Any CPU
		{FE1F0E7F-CC4B-438F-A216-7A8129B1E7FF}.Release|Any CPU.ActiveCfg = Release|Any CPU
		{FE1F0E7F-CC4B-438F-A216-7A8129B1E7FF}.Release|Any CPU.Build.0 = Release|Any CPU
	EndGlobalSection
	GlobalSection(SolutionProperties) = preSolution
		HideSolutionNode = FALSE
	EndGlobalSection
EndGlobal
